// !$*UTF8*$!
{
	archiveVersion = 1;
	classes = {
	};
	objectVersion = 46;
	objects = {

/* Begin PBXBuildFile section */
		27B6369B1EC36F2500BCC942 /* IsolationForest.cpp in Sources */ = {isa = PBXBuildFile; fileRef = 27B636991EC36F2500BCC942 /* IsolationForest.cpp */; };
		27B6369D1EC36F5900BCC942 /* main.cpp in Sources */ = {isa = PBXBuildFile; fileRef = 27B6369C1EC36F5900BCC942 /* main.cpp */; };
/* End PBXBuildFile section */

/* Begin PBXCopyFilesBuildPhase section */
		275CBC9B1EC36EB7004083E4 /* CopyFiles */ = {
			isa = PBXCopyFilesBuildPhase;
			buildActionMask = 2147483647;
			dstPath = /usr/share/man/man1/;
			dstSubfolderSpec = 0;
			files = (
			);
			runOnlyForDeploymentPostprocessing = 1;
		};
/* End PBXCopyFilesBuildPhase section */

/* Begin PBXFileReference section */
		275CBC9D1EC36EB7004083E4 /* IsolationForestTest */ = {isa = PBXFileReference; explicitFileType = "compiled.mach-o.executable"; includeInIndex = 0; path = IsolationForestTest; sourceTree = BUILT_PRODUCTS_DIR; };
		27B636991EC36F2500BCC942 /* IsolationForest.cpp */ = {isa = PBXFileReference; fileEncoding = 4; lastKnownFileType = sourcecode.cpp.cpp; path = IsolationForest.cpp; sourceTree = SOURCE_ROOT; };
		27B6369A1EC36F2500BCC942 /* IsolationForest.h */ = {isa = PBXFileReference; fileEncoding = 4; lastKnownFileType = sourcecode.c.h; path = IsolationForest.h; sourceTree = SOURCE_ROOT; };
		27B6369C1EC36F5900BCC942 /* main.cpp */ = {isa = PBXFileReference; fileEncoding = 4; lastKnownFileType = sourcecode.cpp.cpp; path = main.cpp; sourceTree = SOURCE_ROOT; };
/* End PBXFileReference section */

/* Begin PBXFrameworksBuildPhase section */
		275CBC9A1EC36EB7004083E4 /* Frameworks */ = {
			isa = PBXFrameworksBuildPhase;
			buildActionMask = 2147483647;
			files = (
			);
			runOnlyForDeploymentPostprocessing = 0;
		};
/* End PBXFrameworksBuildPhase section */

/* Begin PBXGroup section */
		275CBC941EC36EB7004083E4 = {
			isa = PBXGroup;
			children = (
				275CBC9F1EC36EB7004083E4 /* IsolationForest */,
				275CBC9E1EC36EB7004083E4 /* Products */,
			);
			sourceTree = "<group>";
		};
		275CBC9E1EC36EB7004083E4 /* Products */ = {
			isa = PBXGroup;
			children = (
				275CBC9D1EC36EB7004083E4 /* IsolationForestTest */,
			);
			name = Products;
			sourceTree = "<group>";
		};
		275CBC9F1EC36EB7004083E4 /* IsolationForest */ = {
			isa = PBXGroup;
			children = (
				27B636991EC36F2500BCC942 /* IsolationForest.cpp */,
				27B6369A1EC36F2500BCC942 /* IsolationForest.h */,
				27B6369C1EC36F5900BCC942 /* main.cpp */,
			);
			path = IsolationForest;
			sourceTree = "<group>";
		};
/* End PBXGroup section */

/* Begin PBXNativeTarget section */
		275CBC9C1EC36EB7004083E4 /* IsolationForestTest */ = {
			isa = PBXNativeTarget;
			buildConfigurationList = 275CBCA41EC36EB7004083E4 /* Build configuration list for PBXNativeTarget "IsolationForestTest" */;
			buildPhases = (
				275CBC991EC36EB7004083E4 /* Sources */,
				275CBC9A1EC36EB7004083E4 /* Frameworks */,
				275CBC9B1EC36EB7004083E4 /* CopyFiles */,
			);
			buildRules = (
			);
			dependencies = (
			);
			name = IsolationForestTest;
			productName = IsolationForest;
			productReference = 275CBC9D1EC36EB7004083E4 /* IsolationForestTest */;
			productType = "com.apple.product-type.tool";
		};
/* End PBXNativeTarget section */

/* Begin PBXProject section */
		275CBC951EC36EB7004083E4 /* Project object */ = {
			isa = PBXProject;
			attributes = {
				LastUpgradeCheck = 0830;
				ORGANIZATIONNAME = "Michael J Simms";
				TargetAttributes = {
					275CBC9C1EC36EB7004083E4 = {
						CreatedOnToolsVersion = 8.3.2;
						ProvisioningStyle = Automatic;
					};
				};
			};
			buildConfigurationList = 275CBC981EC36EB7004083E4 /* Build configuration list for PBXProject "IsolationForestTest" */;
			compatibilityVersion = "Xcode 3.2";
			developmentRegion = English;
			hasScannedForEncodings = 0;
			knownRegions = (
				en,
			);
			mainGroup = 275CBC941EC36EB7004083E4;
			productRefGroup = 275CBC9E1EC36EB7004083E4 /* Products */;
			projectDirPath = "";
			projectRoot = "";
			targets = (
				275CBC9C1EC36EB7004083E4 /* IsolationForestTest */,
			);
		};
/* End PBXProject section */

/* Begin PBXSourcesBuildPhase section */
		275CBC991EC36EB7004083E4 /* Sources */ = {
			isa = PBXSourcesBuildPhase;
			buildActionMask = 2147483647;
			files = (
				27B6369D1EC36F5900BCC942 /* main.cpp in Sources */,
				27B6369B1EC36F2500BCC942 /* IsolationForest.cpp in Sources */,
			);
			runOnlyForDeploymentPostprocessing = 0;
		};
/* End PBXSourcesBuildPhase section */

/* Begin XCBuildConfiguration section */
		275CBCA21EC36EB7004083E4 /* Debug */ = {
			isa = XCBuildConfiguration;
			buildSettings = {
				ALWAYS_SEARCH_USER_PATHS = NO;
				CLANG_ANALYZER_NONNULL = YES;
				CLANG_ANALYZER_NUMBER_OBJECT_CONVERSION = YES_AGGRESSIVE;
				CLANG_CXX_LANGUAGE_STANDARD = "gnu++0x";
				CLANG_CXX_LIBRARY = "libc++";
				CLANG_ENABLE_MODULES = YES;
				CLANG_ENABLE_OBJC_ARC = YES;
				CLANG_WARN_BOOL_CONVERSION = YES;
				CLANG_WARN_CONSTANT_CONVERSION = YES;
				CLANG_WARN_DIRECT_OBJC_ISA_USAGE = YES_ERROR;
				CLANG_WARN_DOCUMENTATION_COMMENTS = YES;
				CLANG_WARN_EMPTY_BODY = YES;
				CLANG_WARN_ENUM_CONVERSION = YES;
				CLANG_WARN_INFINITE_RECURSION = YES;
				CLANG_WARN_INT_CONVERSION = YES;
				CLANG_WARN_OBJC_ROOT_CLASS = YES_ERROR;
				CLANG_WARN_SUSPICIOUS_MOVE = YES;
				CLANG_WARN_UNREACHABLE_CODE = YES;
				CLANG_WARN__DUPLICATE_METHOD_MATCH = YES;
				CODE_SIGN_IDENTITY = "-";
				COPY_PHASE_STRIP = NO;
				DEBUG_INFORMATION_FORMAT = dwarf;
				ENABLE_STRICT_OBJC_MSGSEND = YES;
				ENABLE_TESTABILITY = YES;
				GCC_C_LANGUAGE_STANDARD = gnu99;
				GCC_DYNAMIC_NO_PIC = NO;
				GCC_NO_COMMON_BLOCKS = YES;
				GCC_OPTIMIZATION_LEVEL = 0;
				GCC_PREPROCESSOR_DEFINITIONS = (
					"DEBUG=1",
					"$(inherited)",
				);
				GCC_WARN_64_TO_32_BIT_CONVERSION = YES;
				GCC_WARN_ABOUT_RETURN_TYPE = YES_ERROR;
				GCC_WARN_UNDECLARED_SELECTOR = YES;
				GCC_WARN_UNINITIALIZED_AUTOS = YES_AGGRESSIVE;
				GCC_WARN_UNUSED_FUNCTION = YES;
				GCC_WARN_UNUSED_VARIABLE = YES;
				MACOSX_DEPLOYMENT_TARGET = 10.12;
				MTL_ENABLE_DEBUG_INFO = YES;
				ONLY_ACTIVE_ARCH = YES;
				SDKROOT = macosx;
			};
			name = Debug;
		};
		275CBCA31EC36EB7004083E4 /* Release */ = {
			isa = XCBuildConfiguration;
			buildSettings = {
				ALWAYS_SEARCH_USER_PATHS = NO;
				CLANG_ANALYZER_NONNULL = YES;
				CLANG_ANALYZER_NUMBER_OBJECT_CONVERSION = YES_AGGRESSIVE;
				CLANG_CXX_LANGUAGE_STANDARD = "gnu++0x";
				CLANG_CXX_LIBRARY = "libc++";
				CLANG_ENABLE_MODULES = YES;
				CLANG_ENABLE_OBJC_ARC = YES;
				CLANG_WARN_BOOL_CONVERSION = YES;
				CLANG_WARN_CONSTANT_CONVERSION = YES;
				CLANG_WARN_DIRECT_OBJC_ISA_USAGE = YES_ERROR;
				CLANG_WARN_DOCUMENTATION_COMMENTS = YES;
				CLANG_WARN_EMPTY_BODY = YES;
				CLANG_WARN_ENUM_CONVERSION = YES;
				CLANG_WARN_INFINITE_RECURSION = YES;
				CLANG_WARN_INT_CONVERSION = YES;
				CLANG_WARN_OBJC_ROOT_CLASS = YES_ERROR;
				CLANG_WARN_SUSPICIOUS_MOVE = YES;
				CLANG_WARN_UNREACHABLE_CODE = YES;
				CLANG_WARN__DUPLICATE_METHOD_MATCH = YES;
				CODE_SIGN_IDENTITY = "-";
				COPY_PHASE_STRIP = NO;
				DEBUG_INFORMATION_FORMAT = "dwarf-with-dsym";
				ENABLE_NS_ASSERTIONS = NO;
				ENABLE_STRICT_OBJC_MSGSEND = YES;
				GCC_C_LANGUAGE_STANDARD = gnu99;
				GCC_NO_COMMON_BLOCKS = YES;
				GCC_WARN_64_TO_32_BIT_CONVERSION = YES;
				GCC_WARN_ABOUT_RETURN_TYPE = YES_ERROR;
				GCC_WARN_UNDECLARED_SELECTOR = YES;
				GCC_WARN_UNINITIALIZED_AUTOS = YES_AGGRESSIVE;
				GCC_WARN_UNUSED_FUNCTION = YES;
				GCC_WARN_UNUSED_VARIABLE = YES;
				MACOSX_DEPLOYMENT_TARGET = 10.12;
				MTL_ENABLE_DEBUG_INFO = NO;
				SDKROOT = macosx;
			};
			name = Release;
		};
		275CBCA51EC36EB7004083E4 /* Debug */ = {
			isa = XCBuildConfiguration;
			buildSettings = {
				PRODUCT_NAME = "$(TARGET_NAME)";
			};
			name = Debug;
		};
		275CBCA61EC36EB7004083E4 /* Release */ = {
			isa = XCBuildConfiguration;
			buildSettings = {
				PRODUCT_NAME = "$(TARGET_NAME)";
			};
			name = Release;
		};
/* End XCBuildConfiguration section */

/* Begin XCConfigurationList section */
		275CBC981EC36EB7004083E4 /* Build configuration list for PBXProject "IsolationForestTest" */ = {
			isa = XCConfigurationList;
			buildConfigurations = (
				275CBCA21EC36EB7004083E4 /* Debug */,
				275CBCA31EC36EB7004083E4 /* Release */,
			);
			defaultConfigurationIsVisible = 0;
			defaultConfigurationName = Release;
		};
		275CBCA41EC36EB7004083E4 /* Build configuration list for PBXNativeTarget "IsolationForestTest" */ = {
			isa = XCConfigurationList;
			buildConfigurations = (
				275CBCA51EC36EB7004083E4 /* Debug */,
				275CBCA61EC36EB7004083E4 /* Release */,
			);
			defaultConfigurationIsVisible = 0;
			defaultConfigurationName = Release;
		};
/* End XCConfigurationList section */
	};
	rootObject = 275CBC951EC36EB7004083E4 /* Project object */;
}
